
Microsoft Visual Studio Solution File, Format Version 12.00
Project("{FAE04EC0-301F-11D3-BF4B-00C04F79EFBC}") = "IIS", "IIS.csproj", "{5BC63ADE-229D-4422-8EFE-682A995D4032}"
EndProject
Project("{2150E333-8FDC-42A3-9474-1A3956D46DE8}") = "Solution Items", "Solution Items", "{8FAC2BB1-8BA8-4586-B79C-0B45A6BB7A71}"
	ProjectSection(SolutionItems) = preProject
		docker-compose.yml = docker-compose.yml
	EndProjectSection
EndProject
Global
	GlobalSection(SolutionConfigurationPlatforms) = preSolution
		Debug|Any CPU = Debug|Any CPU
		Release|Any CPU = Release|Any CPU
	EndGlobalSection
	GlobalSection(ProjectConfigurationPlatforms) = postSolution
		{5BC63ADE-229D-4422-8EFE-682A995D4032}.Debug|Any CPU.ActiveCfg = Debug|Any CPU
		{5BC63ADE-229D-4422-8EFE-682A995D4032}.Debug|Any CPU.Build.0 = Debug|Any CPU
		{5BC63ADE-229D-4422-8EFE-682A995D4032}.Release|Any CPU.ActiveCfg = Release|Any CPU
		{5BC63ADE-229D-4422-8EFE-682A995D4032}.Release|Any CPU.Build.0 = Release|Any CPU
	EndGlobalSection
EndGlobal
